
Microsoft Visual Studio Solution File, Format Version 12.00
# Visual Studio Version 16
VisualStudioVersion = 16.0.30804.86
MinimumVisualStudioVersion = 10.0.40219.1
Project("{2150E333-8FDC-42A3-9474-1A3956D46DE8}") = "src", "src", "{D0FB0C6E-D501-4BA7-B205-C365853408ED}"
	ProjectSection(SolutionItems) = preProject
		Dockerfile = Dockerfile
	EndProjectSection
EndProject
Project("{2150E333-8FDC-42A3-9474-1A3956D46DE8}") = "tests", "tests", "{2C22BEAA-96CD-486C-AAD1-F3DA8ED5FE79}"
EndProject
Project("{9A19103F-16F7-4668-BE54-9A1E7A4F7556}") = "MentoringProject.Application", "src\MentoringProject.Application\MentoringProject.Application.csproj", "{740CAA03-61C6-4D3D-B7D9-CD066575AEC9}"
EndProject
Project("{9A19103F-16F7-4668-BE54-9A1E7A4F7556}") = "MentoringProject.Domain", "src\MentoringProject.Domain\MentoringProject.Domain.csproj", "{E7FC6A68-86D7-46F2-857D-67EEA5E5037A}"
EndProject
Project("{9A19103F-16F7-4668-BE54-9A1E7A4F7556}") = "MentoringProject.Infrastructure", "src\MentoringProject.Infrastructure\MentoringProject.Infrastructure.csproj", "{E55D7EC5-AA02-47EE-BD3E-FDCAEB8D581B}"
EndProject
Project("{9A19103F-16F7-4668-BE54-9A1E7A4F7556}") = "MentoringProject.Application.Tests", "tests\MentoringProject.Tests\MentoringProject.Application.Tests.csproj", "{6087AE38-CB54-4A01-92D6-E1C86B04E87C}"
EndProject
Project("{9A19103F-16F7-4668-BE54-9A1E7A4F7556}") = "MentoringProject.Web.Tests", "tests\MentoringProject.Application.Tests\MentoringProject.Web.Tests.csproj", "{06957540-B93B-4BEE-A2E4-2DF9F46B74B9}"
EndProject
Project("{9A19103F-16F7-4668-BE54-9A1E7A4F7556}") = "MentoringProject.TestDataConfiguration", "tests\MentoringProject.TestDataConfiguration\MentoringProject.TestDataConfiguration.csproj", "{6D761373-31C9-4308-8378-F439E0E7CF47}"
EndProject
Project("{9A19103F-16F7-4668-BE54-9A1E7A4F7556}") = "MentoringProject.Web", "src\Mentoring project.Web\MentoringProject.Web.csproj", "{DD1BA132-0447-4914-B9AE-CD1BFCE0D56E}"
EndProject
Project("{E53339B2-1760-4266-BCC7-CA923CBCF16C}") = "docker-compose", "docker-compose.dcproj", "{BA760C01-338D-43E9-8784-A98D8F34EAED}"
EndProject
Project("{2150E333-8FDC-42A3-9474-1A3956D46DE8}") = "Solution Items", "Solution Items", "{152BD895-D429-4DDE-B3E6-D2C60DE5FE83}"
	ProjectSection(SolutionItems) = preProject
		.editorconfig = .editorconfig
	EndProjectSection
EndProject
Global
	GlobalSection(SolutionConfigurationPlatforms) = preSolution
		Debug|Any CPU = Debug|Any CPU
		Release|Any CPU = Release|Any CPU
	EndGlobalSection
	GlobalSection(ProjectConfigurationPlatforms) = postSolution
		{740CAA03-61C6-4D3D-B7D9-CD066575AEC9}.Debug|Any CPU.ActiveCfg = Debug|Any CPU
		{740CAA03-61C6-4D3D-B7D9-CD066575AEC9}.Debug|Any CPU.Build.0 = Debug|Any CPU
		{740CAA03-61C6-4D3D-B7D9-CD066575AEC9}.Release|Any CPU.ActiveCfg = Release|Any CPU
		{740CAA03-61C6-4D3D-B7D9-CD066575AEC9}.Release|Any CPU.Build.0 = Release|Any CPU
		{E7FC6A68-86D7-46F2-857D-67EEA5E5037A}.Debug|Any CPU.ActiveCfg = Debug|Any CPU
		{E7FC6A68-86D7-46F2-857D-67EEA5E5037A}.Debug|Any CPU.Build.0 = Debug|Any CPU
		{E7FC6A68-86D7-46F2-857D-67EEA5E5037A}.Release|Any CPU.ActiveCfg = Release|Any CPU
		{E7FC6A68-86D7-46F2-857D-67EEA5E5037A}.Release|Any CPU.Build.0 = Release|Any CPU
		{E55D7EC5-AA02-47EE-BD3E-FDCAEB8D581B}.Debug|Any CPU.ActiveCfg = Debug|Any CPU
		{E55D7EC5-AA02-47EE-BD3E-FDCAEB8D581B}.Debug|Any CPU.Build.0 = Debug|Any CPU
		{E55D7EC5-AA02-47EE-BD3E-FDCAEB8D581B}.Release|Any CPU.ActiveCfg = Release|Any CPU
		{E55D7EC5-AA02-47EE-BD3E-FDCAEB8D581B}.Release|Any CPU.Build.0 = Release|Any CPU
		{6087AE38-CB54-4A01-92D6-E1C86B04E87C}.Debug|Any CPU.ActiveCfg = Debug|Any CPU
		{6087AE38-CB54-4A01-92D6-E1C86B04E87C}.Debug|Any CPU.Build.0 = Debug|Any CPU
		{6087AE38-CB54-4A01-92D6-E1C86B04E87C}.Release|Any CPU.ActiveCfg = Release|Any CPU
		{6087AE38-CB54-4A01-92D6-E1C86B04E87C}.Release|Any CPU.Build.0 = Release|Any CPU
		{06957540-B93B-4BEE-A2E4-2DF9F46B74B9}.Debug|Any CPU.ActiveCfg = Debug|Any CPU
		{06957540-B93B-4BEE-A2E4-2DF9F46B74B9}.Debug|Any CPU.Build.0 = Debug|Any CPU
		{06957540-B93B-4BEE-A2E4-2DF9F46B74B9}.Release|Any CPU.ActiveCfg = Release|Any CPU
		{06957540-B93B-4BEE-A2E4-2DF9F46B74B9}.Release|Any CPU.Build.0 = Release|Any CPU
		{6D761373-31C9-4308-8378-F439E0E7CF47}.Debug|Any CPU.ActiveCfg = Debug|Any CPU
		{6D761373-31C9-4308-8378-F439E0E7CF47}.Debug|Any CPU.Build.0 = Debug|Any CPU
		{6D761373-31C9-4308-8378-F439E0E7CF47}.Release|Any CPU.ActiveCfg = Release|Any CPU
		{6D761373-31C9-4308-8378-F439E0E7CF47}.Release|Any CPU.Build.0 = Release|Any CPU
		{DD1BA132-0447-4914-B9AE-CD1BFCE0D56E}.Debug|Any CPU.ActiveCfg = Debug|Any CPU
		{DD1BA132-0447-4914-B9AE-CD1BFCE0D56E}.Debug|Any CPU.Build.0 = Debug|Any CPU
		{DD1BA132-0447-4914-B9AE-CD1BFCE0D56E}.Release|Any CPU.ActiveCfg = Release|Any CPU
		{DD1BA132-0447-4914-B9AE-CD1BFCE0D56E}.Release|Any CPU.Build.0 = Release|Any CPU
		{BA760C01-338D-43E9-8784-A98D8F34EAED}.Debug|Any CPU.ActiveCfg = Debug|Any CPU
		{BA760C01-338D-43E9-8784-A98D8F34EAED}.Debug|Any CPU.Build.0 = Debug|Any CPU
		{BA760C01-338D-43E9-8784-A98D8F34EAED}.Release|Any CPU.ActiveCfg = Release|Any CPU
		{BA760C01-338D-43E9-8784-A98D8F34EAED}.Release|Any CPU.Build.0 = Release|Any CPU
	EndGlobalSection
	GlobalSection(SolutionProperties) = preSolution
		HideSolutionNode = FALSE
	EndGlobalSection
	GlobalSection(NestedProjects) = preSolution
		{740CAA03-61C6-4D3D-B7D9-CD066575AEC9} = {D0FB0C6E-D501-4BA7-B205-C365853408ED}
		{E7FC6A68-86D7-46F2-857D-67EEA5E5037A} = {D0FB0C6E-D501-4BA7-B205-C365853408ED}
		{E55D7EC5-AA02-47EE-BD3E-FDCAEB8D581B} = {D0FB0C6E-D501-4BA7-B205-C365853408ED}
		{6087AE38-CB54-4A01-92D6-E1C86B04E87C} = {2C22BEAA-96CD-486C-AAD1-F3DA8ED5FE79}
		{06957540-B93B-4BEE-A2E4-2DF9F46B74B9} = {2C22BEAA-96CD-486C-AAD1-F3DA8ED5FE79}
		{6D761373-31C9-4308-8378-F439E0E7CF47} = {2C22BEAA-96CD-486C-AAD1-F3DA8ED5FE79}
		{DD1BA132-0447-4914-B9AE-CD1BFCE0D56E} = {D0FB0C6E-D501-4BA7-B205-C365853408ED}
	EndGlobalSection
	GlobalSection(ExtensibilityGlobals) = postSolution
		SolutionGuid = {6EB46CA6-3F24-4D62-B0EE-A27100D17585}
	EndGlobalSection
EndGlobal
