
Microsoft Visual Studio Solution File, Format Version 12.00
# Visual Studio Version 16
VisualStudioVersion = 16.0.30804.86
MinimumVisualStudioVersion = 10.0.40219.1
Project("{2150E333-8FDC-42A3-9474-1A3956D46DE8}") = "src", "src", "{D0FB0C6E-D501-4BA7-B205-C365853408ED}"
EndProject
Project("{2150E333-8FDC-42A3-9474-1A3956D46DE8}") = "tests", "tests", "{2C22BEAA-96CD-486C-AAD1-F3DA8ED5FE79}"
EndProject
Project("{2150E333-8FDC-42A3-9474-1A3956D46DE8}") = "MentoringProject.Domain", "MentoringProject.Domain", "{ADEB7543-0A82-4B3C-B4C7-2187A961FE6D}"
EndProject
Project("{2150E333-8FDC-42A3-9474-1A3956D46DE8}") = "MentoringProject.Infrastructure", "MentoringProject.Infrastructure", "{7076EF9C-9CF9-4966-9F7E-86181BAB9298}"
EndProject
Project("{2150E333-8FDC-42A3-9474-1A3956D46DE8}") = "MentoringProject.Application", "MentoringProject.Application", "{8EAB6B68-6CF8-4B31-A8BE-DD308F83E9D1}"
EndProject
Project("{2150E333-8FDC-42A3-9474-1A3956D46DE8}") = "MentoringProject.Infrastructure.IoC", "MentoringProject.Infrastructure.IoC", "{51DCEB85-6F66-4520-993C-D12823B39B6B}"
EndProject
Project("{2150E333-8FDC-42A3-9474-1A3956D46DE8}") = "MentoringProject.Web", "MentoringProject.Web", "{4B544BCF-F06B-415B-B514-3664F4D7F903}"
EndProject
Project("{9A19103F-16F7-4668-BE54-9A1E7A4F7556}") = "MentoringProject.Tests", "test\MentoringProject.Tests\MentoringProject.Tests.csproj", "{87DD876F-957D-494A-BCAA-37F95A10BCDF}"
EndProject
Project("{9A19103F-16F7-4668-BE54-9A1E7A4F7556}") = "MentoringProject.Application", "src\MentoringProject.Application\MentoringProject.Application.csproj", "{740CAA03-61C6-4D3D-B7D9-CD066575AEC9}"
EndProject
Project("{9A19103F-16F7-4668-BE54-9A1E7A4F7556}") = "MentoringProject.Domain.Core", "src\MentoringProject.Domain\MentoringProject.Domain.Core.csproj", "{E7FC6A68-86D7-46F2-857D-67EEA5E5037A}"
EndProject
Project("{9A19103F-16F7-4668-BE54-9A1E7A4F7556}") = "MentoringProject.Infrastructure.Data", "src\MentoringProject.Infrastructure.Data\MentoringProject.Infrastructure.Data.csproj", "{73865298-A6B2-4D5F-8155-B9934E4029BE}"
EndProject
Project("{9A19103F-16F7-4668-BE54-9A1E7A4F7556}") = "MentoringProject.Infrastructure.IoC", "src\MentoringProject.Infrastructure.IoC\MentoringProject.Infrastructure.IoC.csproj", "{17206FA4-ECB7-4BA7-B1DB-B7AA66FDE6DE}"
EndProject
Project("{9A19103F-16F7-4668-BE54-9A1E7A4F7556}") = "MentoringProject", "src\Mentoring project\MentoringProject.csproj", "{6B8EFDF6-BCCD-45AF-8CC4-D8C3EC1A5990}"
EndProject
Global
	GlobalSection(SolutionConfigurationPlatforms) = preSolution
		Debug|Any CPU = Debug|Any CPU
		Release|Any CPU = Release|Any CPU
	EndGlobalSection
	GlobalSection(ProjectConfigurationPlatforms) = postSolution
		{87DD876F-957D-494A-BCAA-37F95A10BCDF}.Debug|Any CPU.ActiveCfg = Debug|Any CPU
		{87DD876F-957D-494A-BCAA-37F95A10BCDF}.Debug|Any CPU.Build.0 = Debug|Any CPU
		{87DD876F-957D-494A-BCAA-37F95A10BCDF}.Release|Any CPU.ActiveCfg = Release|Any CPU
		{87DD876F-957D-494A-BCAA-37F95A10BCDF}.Release|Any CPU.Build.0 = Release|Any CPU
		{740CAA03-61C6-4D3D-B7D9-CD066575AEC9}.Debug|Any CPU.ActiveCfg = Debug|Any CPU
		{740CAA03-61C6-4D3D-B7D9-CD066575AEC9}.Debug|Any CPU.Build.0 = Debug|Any CPU
		{740CAA03-61C6-4D3D-B7D9-CD066575AEC9}.Release|Any CPU.ActiveCfg = Release|Any CPU
		{740CAA03-61C6-4D3D-B7D9-CD066575AEC9}.Release|Any CPU.Build.0 = Release|Any CPU
		{E7FC6A68-86D7-46F2-857D-67EEA5E5037A}.Debug|Any CPU.ActiveCfg = Debug|Any CPU
		{E7FC6A68-86D7-46F2-857D-67EEA5E5037A}.Debug|Any CPU.Build.0 = Debug|Any CPU
		{E7FC6A68-86D7-46F2-857D-67EEA5E5037A}.Release|Any CPU.ActiveCfg = Release|Any CPU
		{E7FC6A68-86D7-46F2-857D-67EEA5E5037A}.Release|Any CPU.Build.0 = Release|Any CPU
		{73865298-A6B2-4D5F-8155-B9934E4029BE}.Debug|Any CPU.ActiveCfg = Debug|Any CPU
		{73865298-A6B2-4D5F-8155-B9934E4029BE}.Debug|Any CPU.Build.0 = Debug|Any CPU
		{73865298-A6B2-4D5F-8155-B9934E4029BE}.Release|Any CPU.ActiveCfg = Release|Any CPU
		{73865298-A6B2-4D5F-8155-B9934E4029BE}.Release|Any CPU.Build.0 = Release|Any CPU
		{17206FA4-ECB7-4BA7-B1DB-B7AA66FDE6DE}.Debug|Any CPU.ActiveCfg = Debug|Any CPU
		{17206FA4-ECB7-4BA7-B1DB-B7AA66FDE6DE}.Debug|Any CPU.Build.0 = Debug|Any CPU
		{17206FA4-ECB7-4BA7-B1DB-B7AA66FDE6DE}.Release|Any CPU.ActiveCfg = Release|Any CPU
		{17206FA4-ECB7-4BA7-B1DB-B7AA66FDE6DE}.Release|Any CPU.Build.0 = Release|Any CPU
		{6B8EFDF6-BCCD-45AF-8CC4-D8C3EC1A5990}.Debug|Any CPU.ActiveCfg = Debug|Any CPU
		{6B8EFDF6-BCCD-45AF-8CC4-D8C3EC1A5990}.Debug|Any CPU.Build.0 = Debug|Any CPU
		{6B8EFDF6-BCCD-45AF-8CC4-D8C3EC1A5990}.Release|Any CPU.ActiveCfg = Release|Any CPU
		{6B8EFDF6-BCCD-45AF-8CC4-D8C3EC1A5990}.Release|Any CPU.Build.0 = Release|Any CPU
	EndGlobalSection
	GlobalSection(SolutionProperties) = preSolution
		HideSolutionNode = FALSE
	EndGlobalSection
	GlobalSection(NestedProjects) = preSolution
		{ADEB7543-0A82-4B3C-B4C7-2187A961FE6D} = {D0FB0C6E-D501-4BA7-B205-C365853408ED}
		{7076EF9C-9CF9-4966-9F7E-86181BAB9298} = {D0FB0C6E-D501-4BA7-B205-C365853408ED}
		{8EAB6B68-6CF8-4B31-A8BE-DD308F83E9D1} = {D0FB0C6E-D501-4BA7-B205-C365853408ED}
		{51DCEB85-6F66-4520-993C-D12823B39B6B} = {D0FB0C6E-D501-4BA7-B205-C365853408ED}
		{4B544BCF-F06B-415B-B514-3664F4D7F903} = {D0FB0C6E-D501-4BA7-B205-C365853408ED}
		{87DD876F-957D-494A-BCAA-37F95A10BCDF} = {2C22BEAA-96CD-486C-AAD1-F3DA8ED5FE79}
		{740CAA03-61C6-4D3D-B7D9-CD066575AEC9} = {8EAB6B68-6CF8-4B31-A8BE-DD308F83E9D1}
		{E7FC6A68-86D7-46F2-857D-67EEA5E5037A} = {ADEB7543-0A82-4B3C-B4C7-2187A961FE6D}
		{73865298-A6B2-4D5F-8155-B9934E4029BE} = {7076EF9C-9CF9-4966-9F7E-86181BAB9298}
		{17206FA4-ECB7-4BA7-B1DB-B7AA66FDE6DE} = {51DCEB85-6F66-4520-993C-D12823B39B6B}
		{6B8EFDF6-BCCD-45AF-8CC4-D8C3EC1A5990} = {4B544BCF-F06B-415B-B514-3664F4D7F903}
	EndGlobalSection
	GlobalSection(ExtensibilityGlobals) = postSolution
		SolutionGuid = {6EB46CA6-3F24-4D62-B0EE-A27100D17585}
	EndGlobalSection
EndGlobal
